
Microsoft Visual Studio Solution File, Format Version 12.00
# Visual Studio Version 17
VisualStudioVersion = 17.9.34622.214
MinimumVisualStudioVersion = 10.0.40219.1
Project("{FAE04EC0-301F-11D3-BF4B-00C04F79EFBC}") = "WebServerListPing", "WebServerListPing\WebServerListPing.csproj", "{F6AFB455-EC74-4D3B-8A86-412900F22AFF}"
EndProject
Global
	GlobalSection(SolutionConfigurationPlatforms) = preSolution
		Debug|Any CPU = Debug|Any CPU
		Release|Any CPU = Release|Any CPU
	EndGlobalSection
	GlobalSection(ProjectConfigurationPlatforms) = postSolution
		{F6AFB455-EC74-4D3B-8A86-412900F22AFF}.Debug|Any CPU.ActiveCfg = Debug|Any CPU
		{F6AFB455-EC74-4D3B-8A86-412900F22AFF}.Debug|Any CPU.Build.0 = Debug|Any CPU
		{F6AFB455-EC74-4D3B-8A86-412900F22AFF}.Release|Any CPU.ActiveCfg = Release|Any CPU
		{F6AFB455-EC74-4D3B-8A86-412900F22AFF}.Release|Any CPU.Build.0 = Release|Any CPU
	EndGlobalSection
	GlobalSection(SolutionProperties) = preSolution
		HideSolutionNode = FALSE
	EndGlobalSection
	GlobalSection(ExtensibilityGlobals) = postSolution
		SolutionGuid = {21265D80-BCB1-40CF-ABE9-C68F58C9476B}
	EndGlobalSection
EndGlobal
